Microsoft Visual Studio Solution File, Format Version 12.00
# Visual Studio Version 17
VisualStudioVersion = 17.5.2.0
MinimumVisualStudioVersion = 10.0.40219.1
Project("{FAE04EC0-301F-11D3-BF4B-00C04F79EFBC}") = "FirstLabOOP", "FirstLabOOP\FirstLabOOP.csproj", "{1FA260EB-6CD6-DCCA-8AAD-0B72E1976727}"
EndProject
Global
	GlobalSection(SolutionConfigurationPlatforms) = preSolution
		Debug|Any CPU = Debug|Any CPU
		Release|Any CPU = Release|Any CPU
	EndGlobalSection
	GlobalSection(ProjectConfigurationPlatforms) = postSolution
		{1FA260EB-6CD6-DCCA-8AAD-0B72E1976727}.Debug|Any CPU.ActiveCfg = Debug|Any CPU
		{1FA260EB-6CD6-DCCA-8AAD-0B72E1976727}.Debug|Any CPU.Build.0 = Debug|Any CPU
		{1FA260EB-6CD6-DCCA-8AAD-0B72E1976727}.Release|Any CPU.ActiveCfg = Release|Any CPU
		{1FA260EB-6CD6-DCCA-8AAD-0B72E1976727}.Release|Any CPU.Build.0 = Release|Any CPU
	EndGlobalSection
	GlobalSection(SolutionProperties) = preSolution
		HideSolutionNode = FALSE
	EndGlobalSection
	GlobalSection(ExtensibilityGlobals) = postSolution
		SolutionGuid = {BD4AE93D-10BA-4699-8346-B151D6971515}
	EndGlobalSection
EndGlobal
